
Microsoft Visual Studio Solution File, Format Version 12.00
# Visual Studio Version 17
VisualStudioVersion = 17.8.34316.72
MinimumVisualStudioVersion = 10.0.40219.1
Project("{9A19103F-16F7-4668-BE54-9A1E7A4F7556}") = "Client", "Client\Client.csproj", "{3F1D9BFA-097E-4781-8E85-79AC0CDF4B9D}"
EndProject
Project("{9A19103F-16F7-4668-BE54-9A1E7A4F7556}") = "Core", "Core\Core.csproj", "{C44EC83F-F052-40B1-AAFF-D24649724EBD}"
EndProject
Project("{9A19103F-16F7-4668-BE54-9A1E7A4F7556}") = "TestApp", "TestApp\TestApp.csproj", "{DB7493AB-FBFA-4AD3-962C-09C06A79375B}"
EndProject
Project("{9A19103F-16F7-4668-BE54-9A1E7A4F7556}") = "Igni.SDK", "Igni.SDK\Igni.SDK.csproj", "{28FE5EC6-CAD7-44A4-AE6A-6DB9652C3222}"
EndProject
Project("{2150E333-8FDC-42A3-9474-1A3956D46DE8}") = "Plugins", "Plugins", "{2FA99CE1-6DEB-4313-8469-BDB2E41EACD4}"
EndProject
Project("{9A19103F-16F7-4668-BE54-9A1E7A4F7556}") = "ChatBotPlugin", "ChatBotPlugin\ChatBotPlugin.csproj", "{26C31A13-FB5D-404E-BB75-AE7760F9971B}"
EndProject
Project("{54435603-DBB4-11D2-8724-00A0C9A8B90C}") = "IgniSetup", "IgniSetup\IgniSetup.vdproj", "{A5E7D1F7-6787-422F-B850-B405EFEC39DD}"
EndProject
Global
	GlobalSection(SolutionConfigurationPlatforms) = preSolution
		Debug|Any CPU = Debug|Any CPU
		Debug|x64 = Debug|x64
		Debug|x86 = Debug|x86
		Release|Any CPU = Release|Any CPU
		Release|x64 = Release|x64
		Release|x86 = Release|x86
	EndGlobalSection
	GlobalSection(ProjectConfigurationPlatforms) = postSolution
		{3F1D9BFA-097E-4781-8E85-79AC0CDF4B9D}.Debug|Any CPU.ActiveCfg = Debug|Any CPU
		{3F1D9BFA-097E-4781-8E85-79AC0CDF4B9D}.Debug|Any CPU.Build.0 = Debug|Any CPU
		{3F1D9BFA-097E-4781-8E85-79AC0CDF4B9D}.Debug|x64.ActiveCfg = Debug|x64
		{3F1D9BFA-097E-4781-8E85-79AC0CDF4B9D}.Debug|x64.Build.0 = Debug|x64
		{3F1D9BFA-097E-4781-8E85-79AC0CDF4B9D}.Debug|x86.ActiveCfg = Debug|Any CPU
		{3F1D9BFA-097E-4781-8E85-79AC0CDF4B9D}.Debug|x86.Build.0 = Debug|Any CPU
		{3F1D9BFA-097E-4781-8E85-79AC0CDF4B9D}.Release|Any CPU.ActiveCfg = Release|Any CPU
		{3F1D9BFA-097E-4781-8E85-79AC0CDF4B9D}.Release|Any CPU.Build.0 = Release|Any CPU
		{3F1D9BFA-097E-4781-8E85-79AC0CDF4B9D}.Release|x64.ActiveCfg = Release|x64
		{3F1D9BFA-097E-4781-8E85-79AC0CDF4B9D}.Release|x64.Build.0 = Release|x64
		{3F1D9BFA-097E-4781-8E85-79AC0CDF4B9D}.Release|x86.ActiveCfg = Release|Any CPU
		{3F1D9BFA-097E-4781-8E85-79AC0CDF4B9D}.Release|x86.Build.0 = Release|Any CPU
		{C44EC83F-F052-40B1-AAFF-D24649724EBD}.Debug|Any CPU.ActiveCfg = Debug|Any CPU
		{C44EC83F-F052-40B1-AAFF-D24649724EBD}.Debug|Any CPU.Build.0 = Debug|Any CPU
		{C44EC83F-F052-40B1-AAFF-D24649724EBD}.Debug|x64.ActiveCfg = Debug|Any CPU
		{C44EC83F-F052-40B1-AAFF-D24649724EBD}.Debug|x64.Build.0 = Debug|Any CPU
		{C44EC83F-F052-40B1-AAFF-D24649724EBD}.Debug|x86.ActiveCfg = Debug|Any CPU
		{C44EC83F-F052-40B1-AAFF-D24649724EBD}.Debug|x86.Build.0 = Debug|Any CPU
		{C44EC83F-F052-40B1-AAFF-D24649724EBD}.Release|Any CPU.ActiveCfg = Release|Any CPU
		{C44EC83F-F052-40B1-AAFF-D24649724EBD}.Release|Any CPU.Build.0 = Release|Any CPU
		{C44EC83F-F052-40B1-AAFF-D24649724EBD}.Release|x64.ActiveCfg = Release|Any CPU
		{C44EC83F-F052-40B1-AAFF-D24649724EBD}.Release|x64.Build.0 = Release|Any CPU
		{C44EC83F-F052-40B1-AAFF-D24649724EBD}.Release|x86.ActiveCfg = Release|Any CPU
		{C44EC83F-F052-40B1-AAFF-D24649724EBD}.Release|x86.Build.0 = Release|Any CPU
		{DB7493AB-FBFA-4AD3-962C-09C06A79375B}.Debug|Any CPU.ActiveCfg = Debug|Any CPU
		{DB7493AB-FBFA-4AD3-962C-09C06A79375B}.Debug|Any CPU.Build.0 = Debug|Any CPU
		{DB7493AB-FBFA-4AD3-962C-09C06A79375B}.Debug|x64.ActiveCfg = Debug|Any CPU
		{DB7493AB-FBFA-4AD3-962C-09C06A79375B}.Debug|x64.Build.0 = Debug|Any CPU
		{DB7493AB-FBFA-4AD3-962C-09C06A79375B}.Debug|x86.ActiveCfg = Debug|Any CPU
		{DB7493AB-FBFA-4AD3-962C-09C06A79375B}.Debug|x86.Build.0 = Debug|Any CPU
		{DB7493AB-FBFA-4AD3-962C-09C06A79375B}.Release|Any CPU.ActiveCfg = Release|Any CPU
		{DB7493AB-FBFA-4AD3-962C-09C06A79375B}.Release|Any CPU.Build.0 = Release|Any CPU
		{DB7493AB-FBFA-4AD3-962C-09C06A79375B}.Release|x64.ActiveCfg = Release|Any CPU
		{DB7493AB-FBFA-4AD3-962C-09C06A79375B}.Release|x64.Build.0 = Release|Any CPU
		{DB7493AB-FBFA-4AD3-962C-09C06A79375B}.Release|x86.ActiveCfg = Release|Any CPU
		{DB7493AB-FBFA-4AD3-962C-09C06A79375B}.Release|x86.Build.0 = Release|Any CPU
		{28FE5EC6-CAD7-44A4-AE6A-6DB9652C3222}.Debug|Any CPU.ActiveCfg = Debug|Any CPU
		{28FE5EC6-CAD7-44A4-AE6A-6DB9652C3222}.Debug|Any CPU.Build.0 = Debug|Any CPU
		{28FE5EC6-CAD7-44A4-AE6A-6DB9652C3222}.Debug|x64.ActiveCfg = Debug|Any CPU
		{28FE5EC6-CAD7-44A4-AE6A-6DB9652C3222}.Debug|x64.Build.0 = Debug|Any CPU
		{28FE5EC6-CAD7-44A4-AE6A-6DB9652C3222}.Debug|x86.ActiveCfg = Debug|Any CPU
		{28FE5EC6-CAD7-44A4-AE6A-6DB9652C3222}.Debug|x86.Build.0 = Debug|Any CPU
		{28FE5EC6-CAD7-44A4-AE6A-6DB9652C3222}.Release|Any CPU.ActiveCfg = Release|Any CPU
		{28FE5EC6-CAD7-44A4-AE6A-6DB9652C3222}.Release|Any CPU.Build.0 = Release|Any CPU
		{28FE5EC6-CAD7-44A4-AE6A-6DB9652C3222}.Release|x64.ActiveCfg = Release|Any CPU
		{28FE5EC6-CAD7-44A4-AE6A-6DB9652C3222}.Release|x64.Build.0 = Release|Any CPU
		{28FE5EC6-CAD7-44A4-AE6A-6DB9652C3222}.Release|x86.ActiveCfg = Release|Any CPU
		{28FE5EC6-CAD7-44A4-AE6A-6DB9652C3222}.Release|x86.Build.0 = Release|Any CPU
		{26C31A13-FB5D-404E-BB75-AE7760F9971B}.Debug|Any CPU.ActiveCfg = Debug|Any CPU
		{26C31A13-FB5D-404E-BB75-AE7760F9971B}.Debug|Any CPU.Build.0 = Debug|Any CPU
		{26C31A13-FB5D-404E-BB75-AE7760F9971B}.Debug|x64.ActiveCfg = Debug|x64
		{26C31A13-FB5D-404E-BB75-AE7760F9971B}.Debug|x64.Build.0 = Debug|x64
		{26C31A13-FB5D-404E-BB75-AE7760F9971B}.Debug|x86.ActiveCfg = Debug|Any CPU
		{26C31A13-FB5D-404E-BB75-AE7760F9971B}.Debug|x86.Build.0 = Debug|Any CPU
		{26C31A13-FB5D-404E-BB75-AE7760F9971B}.Release|Any CPU.ActiveCfg = Release|Any CPU
		{26C31A13-FB5D-404E-BB75-AE7760F9971B}.Release|Any CPU.Build.0 = Release|Any CPU
		{26C31A13-FB5D-404E-BB75-AE7760F9971B}.Release|x64.ActiveCfg = Release|x64
		{26C31A13-FB5D-404E-BB75-AE7760F9971B}.Release|x64.Build.0 = Release|x64
		{26C31A13-FB5D-404E-BB75-AE7760F9971B}.Release|x86.ActiveCfg = Release|Any CPU
		{26C31A13-FB5D-404E-BB75-AE7760F9971B}.Release|x86.Build.0 = Release|Any CPU
		{A5E7D1F7-6787-422F-B850-B405EFEC39DD}.Debug|Any CPU.ActiveCfg = Debug
		{A5E7D1F7-6787-422F-B850-B405EFEC39DD}.Debug|x64.ActiveCfg = Debug
		{A5E7D1F7-6787-422F-B850-B405EFEC39DD}.Debug|x64.Build.0 = Debug
		{A5E7D1F7-6787-422F-B850-B405EFEC39DD}.Debug|x86.ActiveCfg = Debug
		{A5E7D1F7-6787-422F-B850-B405EFEC39DD}.Debug|x86.Build.0 = Debug
		{A5E7D1F7-6787-422F-B850-B405EFEC39DD}.Release|Any CPU.ActiveCfg = Release
		{A5E7D1F7-6787-422F-B850-B405EFEC39DD}.Release|x64.ActiveCfg = Release
		{A5E7D1F7-6787-422F-B850-B405EFEC39DD}.Release|x64.Build.0 = Release
		{A5E7D1F7-6787-422F-B850-B405EFEC39DD}.Release|x86.ActiveCfg = Release
		{A5E7D1F7-6787-422F-B850-B405EFEC39DD}.Release|x86.Build.0 = Release
	EndGlobalSection
	GlobalSection(SolutionProperties) = preSolution
		HideSolutionNode = FALSE
	EndGlobalSection
	GlobalSection(NestedProjects) = preSolution
		{26C31A13-FB5D-404E-BB75-AE7760F9971B} = {2FA99CE1-6DEB-4313-8469-BDB2E41EACD4}
	EndGlobalSection
	GlobalSection(ExtensibilityGlobals) = postSolution
		SolutionGuid = {C121934D-80A2-40C8-B04F-2AE301EB2D2E}
	EndGlobalSection
EndGlobal
